// !$*UTF8*$!
{
	archiveVersion = 1;
	classes = {
	};
	objectVersion = 55;
	objects = {

/* Begin PBXBuildFile section */
		55BAA2E1290534C1004286CF /* MisoWeatherApp.swift in Sources */ = {isa = PBXBuildFile; fileRef = 55BAA2E0290534C1004286CF /* MisoWeatherApp.swift */; };
		55BAA2E3290534C1004286CF /* ContentView.swift in Sources */ = {isa = PBXBuildFile; fileRef = 55BAA2E2290534C1004286CF /* ContentView.swift */; };
		55BAA2E5290534C2004286CF /* Assets.xcassets in Resources */ = {isa = PBXBuildFile; fileRef = 55BAA2E4290534C2004286CF /* Assets.xcassets */; };
		55BAA2E8290534C2004286CF /* Preview Assets.xcassets in Resources */ = {isa = PBXBuildFile; fileRef = 55BAA2E7290534C2004286CF /* Preview Assets.xcassets */; };
		55BAA2F2290534C2004286CF /* MisoWeatherTests.swift in Sources */ = {isa = PBXBuildFile; fileRef = 55BAA2F1290534C2004286CF /* MisoWeatherTests.swift */; };
		55BAA2FC290534C2004286CF /* MisoWeatherUITests.swift in Sources */ = {isa = PBXBuildFile; fileRef = 55BAA2FB290534C2004286CF /* MisoWeatherUITests.swift */; };
		55BAA2FE290534C2004286CF /* MisoWeatherUITestsLaunchTests.swift in Sources */ = {isa = PBXBuildFile; fileRef = 55BAA2FD290534C2004286CF /* MisoWeatherUITestsLaunchTests.swift */; };
		55BAA30C29053BCC004286CF /* Header.swift in Sources */ = {isa = PBXBuildFile; fileRef = 55BAA30B29053BCC004286CF /* Header.swift */; };
		55BAA31029053C09004286CF /* Color.swift in Sources */ = {isa = PBXBuildFile; fileRef = 55BAA30F29053C09004286CF /* Color.swift */; };
		55BAA31629053CEA004286CF /* Home.swift in Sources */ = {isa = PBXBuildFile; fileRef = 55BAA31529053CEA004286CF /* Home.swift */; };
		55BAA31929053D36004286CF /* Weather.swift in Sources */ = {isa = PBXBuildFile; fileRef = 55BAA31829053D36004286CF /* Weather.swift */; };
		55BAA31D29053E75004286CF /* List.swift in Sources */ = {isa = PBXBuildFile; fileRef = 55BAA31C29053E75004286CF /* List.swift */; };
		55BAA31F29053E84004286CF /* Chart.swift in Sources */ = {isa = PBXBuildFile; fileRef = 55BAA31E29053E84004286CF /* Chart.swift */; };
/* End PBXBuildFile section */

/* Begin PBXContainerItemProxy section */
		55BAA2EE290534C2004286CF /* PBXContainerItemProxy */ = {
			isa = PBXContainerItemProxy;
			containerPortal = 55BAA2D5290534C1004286CF /* Project object */;
			proxyType = 1;
			remoteGlobalIDString = 55BAA2DC290534C1004286CF;
			remoteInfo = MisoWeather;
		};
		55BAA2F8290534C2004286CF /* PBXContainerItemProxy */ = {
			isa = PBXContainerItemProxy;
			containerPortal = 55BAA2D5290534C1004286CF /* Project object */;
			proxyType = 1;
			remoteGlobalIDString = 55BAA2DC290534C1004286CF;
			remoteInfo = MisoWeather;
		};
/* End PBXContainerItemProxy section */

/* Begin PBXFileReference section */
		55BAA2DD290534C1004286CF /* MisoWeather.app */ = {isa = PBXFileReference; explicitFileType = wrapper.application; includeInIndex = 0; path = MisoWeather.app; sourceTree = BUILT_PRODUCTS_DIR; };
		55BAA2E0290534C1004286CF /* MisoWeatherApp.swift */ = {isa = PBXFileReference; lastKnownFileType = sourcecode.swift; path = MisoWeatherApp.swift; sourceTree = "<group>"; };
		55BAA2E2290534C1004286CF /* ContentView.swift */ = {isa = PBXFileReference; lastKnownFileType = sourcecode.swift; path = ContentView.swift; sourceTree = "<group>"; };
		55BAA2E4290534C2004286CF /* Assets.xcassets */ = {isa = PBXFileReference; lastKnownFileType = folder.assetcatalog; path = Assets.xcassets; sourceTree = "<group>"; };
		55BAA2E7290534C2004286CF /* Preview Assets.xcassets */ = {isa = PBXFileReference; lastKnownFileType = folder.assetcatalog; path = "Preview Assets.xcassets"; sourceTree = "<group>"; };
		55BAA2ED290534C2004286CF /* MisoWeatherTests.xctest */ = {isa = PBXFileReference; explicitFileType = wrapper.cfbundle; includeInIndex = 0; path = MisoWeatherTests.xctest; sourceTree = BUILT_PRODUCTS_DIR; };
		55BAA2F1290534C2004286CF /* MisoWeatherTests.swift */ = {isa = PBXFileReference; lastKnownFileType = sourcecode.swift; path = MisoWeatherTests.swift; sourceTree = "<group>"; };
		55BAA2F7290534C2004286CF /* MisoWeatherUITests.xctest */ = {isa = PBXFileReference; explicitFileType = wrapper.cfbundle; includeInIndex = 0; path = MisoWeatherUITests.xctest; sourceTree = BUILT_PRODUCTS_DIR; };
		55BAA2FB290534C2004286CF /* MisoWeatherUITests.swift */ = {isa = PBXFileReference; lastKnownFileType = sourcecode.swift; path = MisoWeatherUITests.swift; sourceTree = "<group>"; };
		55BAA2FD290534C2004286CF /* MisoWeatherUITestsLaunchTests.swift */ = {isa = PBXFileReference; lastKnownFileType = sourcecode.swift; path = MisoWeatherUITestsLaunchTests.swift; sourceTree = "<group>"; };
		55BAA30B29053BCC004286CF /* Header.swift */ = {isa = PBXFileReference; lastKnownFileType = sourcecode.swift; path = Header.swift; sourceTree = "<group>"; };
		55BAA30F29053C09004286CF /* Color.swift */ = {isa = PBXFileReference; lastKnownFileType = sourcecode.swift; path = Color.swift; sourceTree = "<group>"; };
		55BAA31529053CEA004286CF /* Home.swift */ = {isa = PBXFileReference; lastKnownFileType = sourcecode.swift; path = Home.swift; sourceTree = "<group>"; };
		55BAA31829053D36004286CF /* Weather.swift */ = {isa = PBXFileReference; lastKnownFileType = sourcecode.swift; path = Weather.swift; sourceTree = "<group>"; };
		55BAA31C29053E75004286CF /* List.swift */ = {isa = PBXFileReference; lastKnownFileType = sourcecode.swift; path = List.swift; sourceTree = "<group>"; };
		55BAA31E29053E84004286CF /* Chart.swift */ = {isa = PBXFileReference; lastKnownFileType = sourcecode.swift; path = Chart.swift; sourceTree = "<group>"; };
/* End PBXFileReference section */

/* Begin PBXFrameworksBuildPhase section */
		55BAA2DA290534C1004286CF /* Frameworks */ = {
			isa = PBXFrameworksBuildPhase;
			buildActionMask = 2147483647;
			files = (
			);
			runOnlyForDeploymentPostprocessing = 0;
		};
		55BAA2EA290534C2004286CF /* Frameworks */ = {
			isa = PBXFrameworksBuildPhase;
			buildActionMask = 2147483647;
			files = (
			);
			runOnlyForDeploymentPostprocessing = 0;
		};
		55BAA2F4290534C2004286CF /* Frameworks */ = {
			isa = PBXFrameworksBuildPhase;
			buildActionMask = 2147483647;
			files = (
			);
			runOnlyForDeploymentPostprocessing = 0;
		};
/* End PBXFrameworksBuildPhase section */

/* Begin PBXGroup section */
		55BAA2D4290534C1004286CF = {
			isa = PBXGroup;
			children = (
				55BAA2DF290534C1004286CF /* MisoWeather */,
				55BAA2F0290534C2004286CF /* MisoWeatherTests */,
				55BAA2FA290534C2004286CF /* MisoWeatherUITests */,
				55BAA2DE290534C1004286CF /* Products */,
			);
			sourceTree = "<group>";
		};
		55BAA2DE290534C1004286CF /* Products */ = {
			isa = PBXGroup;
			children = (
				55BAA2DD290534C1004286CF /* MisoWeather.app */,
				55BAA2ED290534C2004286CF /* MisoWeatherTests.xctest */,
				55BAA2F7290534C2004286CF /* MisoWeatherUITests.xctest */,
			);
			name = Products;
			sourceTree = "<group>";
		};
		55BAA2DF290534C1004286CF /* MisoWeather */ = {
			isa = PBXGroup;
			children = (
				55BAA2E0290534C1004286CF /* MisoWeatherApp.swift */,
				55BAA2E2290534C1004286CF /* ContentView.swift */,
				55BAA2E4290534C2004286CF /* Assets.xcassets */,
				55BAA30E29053BFD004286CF /* Extension */,
				55BAA30A29053877004286CF /* View */,
				55BAA2E6290534C2004286CF /* Preview Content */,
			);
			path = MisoWeather;
			sourceTree = "<group>";
		};
		55BAA2E6290534C2004286CF /* Preview Content */ = {
			isa = PBXGroup;
			children = (
				55BAA2E7290534C2004286CF /* Preview Assets.xcassets */,
			);
			path = "Preview Content";
			sourceTree = "<group>";
		};
		55BAA2F0290534C2004286CF /* MisoWeatherTests */ = {
			isa = PBXGroup;
			children = (
				55BAA2F1290534C2004286CF /* MisoWeatherTests.swift */,
			);
			path = MisoWeatherTests;
			sourceTree = "<group>";
		};
		55BAA2FA290534C2004286CF /* MisoWeatherUITests */ = {
			isa = PBXGroup;
			children = (
				55BAA2FB290534C2004286CF /* MisoWeatherUITests.swift */,
				55BAA2FD290534C2004286CF /* MisoWeatherUITestsLaunchTests.swift */,
			);
			path = MisoWeatherUITests;
			sourceTree = "<group>";
		};
		55BAA30A29053877004286CF /* View */ = {
			isa = PBXGroup;
			children = (
				55BAA30D29053BD2004286CF /* Home */,
			);
			path = View;
			sourceTree = "<group>";
		};
		55BAA30D29053BD2004286CF /* Home */ = {
			isa = PBXGroup;
			children = (
				55BAA31529053CEA004286CF /* Home.swift */,
				55BAA31729053CF6004286CF /* Common */,
			);
			path = Home;
			sourceTree = "<group>";
		};
		55BAA30E29053BFD004286CF /* Extension */ = {
			isa = PBXGroup;
			children = (
				55BAA30F29053C09004286CF /* Color.swift */,
			);
			path = Extension;
			sourceTree = "<group>";
		};
		55BAA31729053CF6004286CF /* Common */ = {
			isa = PBXGroup;
			children = (
				55BAA30B29053BCC004286CF /* Header.swift */,
				55BAA31829053D36004286CF /* Weather.swift */,
				55BAA31E29053E84004286CF /* Chart.swift */,
				55BAA31C29053E75004286CF /* List.swift */,
			);
			path = Common;
			sourceTree = "<group>";
		};
/* End PBXGroup section */

/* Begin PBXNativeTarget section */
		55BAA2DC290534C1004286CF /* MisoWeather */ = {
			isa = PBXNativeTarget;
			buildConfigurationList = 55BAA301290534C2004286CF /* Build configuration list for PBXNativeTarget "MisoWeather" */;
			buildPhases = (
				55BAA2D9290534C1004286CF /* Sources */,
				55BAA2DA290534C1004286CF /* Frameworks */,
				55BAA2DB290534C1004286CF /* Resources */,
			);
			buildRules = (
			);
			dependencies = (
			);
			name = MisoWeather;
			productName = MisoWeather;
			productReference = 55BAA2DD290534C1004286CF /* MisoWeather.app */;
			productType = "com.apple.product-type.application";
		};
		55BAA2EC290534C2004286CF /* MisoWeatherTests */ = {
			isa = PBXNativeTarget;
			buildConfigurationList = 55BAA304290534C2004286CF /* Build configuration list for PBXNativeTarget "MisoWeatherTests" */;
			buildPhases = (
				55BAA2E9290534C2004286CF /* Sources */,
				55BAA2EA290534C2004286CF /* Frameworks */,
				55BAA2EB290534C2004286CF /* Resources */,
			);
			buildRules = (
			);
			dependencies = (
				55BAA2EF290534C2004286CF /* PBXTargetDependency */,
			);
			name = MisoWeatherTests;
			productName = MisoWeatherTests;
			productReference = 55BAA2ED290534C2004286CF /* MisoWeatherTests.xctest */;
			productType = "com.apple.product-type.bundle.unit-test";
		};
		55BAA2F6290534C2004286CF /* MisoWeatherUITests */ = {
			isa = PBXNativeTarget;
			buildConfigurationList = 55BAA307290534C2004286CF /* Build configuration list for PBXNativeTarget "MisoWeatherUITests" */;
			buildPhases = (
				55BAA2F3290534C2004286CF /* Sources */,
				55BAA2F4290534C2004286CF /* Frameworks */,
				55BAA2F5290534C2004286CF /* Resources */,
			);
			buildRules = (
			);
			dependencies = (
				55BAA2F9290534C2004286CF /* PBXTargetDependency */,
			);
			name = MisoWeatherUITests;
			productName = MisoWeatherUITests;
			productReference = 55BAA2F7290534C2004286CF /* MisoWeatherUITests.xctest */;
			productType = "com.apple.product-type.bundle.ui-testing";
		};
/* End PBXNativeTarget section */

/* Begin PBXProject section */
		55BAA2D5290534C1004286CF /* Project object */ = {
			isa = PBXProject;
			attributes = {
				BuildIndependentTargetsInParallel = 1;
				LastSwiftUpdateCheck = 1330;
				LastUpgradeCheck = 1330;
				TargetAttributes = {
					55BAA2DC290534C1004286CF = {
						CreatedOnToolsVersion = 13.3.1;
					};
					55BAA2EC290534C2004286CF = {
						CreatedOnToolsVersion = 13.3.1;
						TestTargetID = 55BAA2DC290534C1004286CF;
					};
					55BAA2F6290534C2004286CF = {
						CreatedOnToolsVersion = 13.3.1;
						TestTargetID = 55BAA2DC290534C1004286CF;
					};
				};
			};
			buildConfigurationList = 55BAA2D8290534C1004286CF /* Build configuration list for PBXProject "MisoWeather" */;
			compatibilityVersion = "Xcode 13.0";
			developmentRegion = en;
			hasScannedForEncodings = 0;
			knownRegions = (
				en,
				Base,
			);
			mainGroup = 55BAA2D4290534C1004286CF;
			productRefGroup = 55BAA2DE290534C1004286CF /* Products */;
			projectDirPath = "";
			projectRoot = "";
			targets = (
				55BAA2DC290534C1004286CF /* MisoWeather */,
				55BAA2EC290534C2004286CF /* MisoWeatherTests */,
				55BAA2F6290534C2004286CF /* MisoWeatherUITests */,
			);
		};
/* End PBXProject section */

/* Begin PBXResourcesBuildPhase section */
		55BAA2DB290534C1004286CF /* Resources */ = {
			isa = PBXResourcesBuildPhase;
			buildActionMask = 2147483647;
			files = (
				55BAA2E8290534C2004286CF /* Preview Assets.xcassets in Resources */,
				55BAA2E5290534C2004286CF /* Assets.xcassets in Resources */,
			);
			runOnlyForDeploymentPostprocessing = 0;
		};
		55BAA2EB290534C2004286CF /* Resources */ = {
			isa = PBXResourcesBuildPhase;
			buildActionMask = 2147483647;
			files = (
			);
			runOnlyForDeploymentPostprocessing = 0;
		};
		55BAA2F5290534C2004286CF /* Resources */ = {
			isa = PBXResourcesBuildPhase;
			buildActionMask = 2147483647;
			files = (
			);
			runOnlyForDeploymentPostprocessing = 0;
		};
/* End PBXResourcesBuildPhase section */

/* Begin PBXSourcesBuildPhase section */
		55BAA2D9290534C1004286CF /* Sources */ = {
			isa = PBXSourcesBuildPhase;
			buildActionMask = 2147483647;
			files = (
				55BAA31F29053E84004286CF /* Chart.swift in Sources */,
				55BAA2E3290534C1004286CF /* ContentView.swift in Sources */,
				55BAA31D29053E75004286CF /* List.swift in Sources */,
				55BAA31029053C09004286CF /* Color.swift in Sources */,
				55BAA31629053CEA004286CF /* Home.swift in Sources */,
				55BAA30C29053BCC004286CF /* Header.swift in Sources */,
				55BAA31929053D36004286CF /* Weather.swift in Sources */,
				55BAA2E1290534C1004286CF /* MisoWeatherApp.swift in Sources */,
			);
			runOnlyForDeploymentPostprocessing = 0;
		};
		55BAA2E9290534C2004286CF /* Sources */ = {
			isa = PBXSourcesBuildPhase;
			buildActionMask = 2147483647;
			files = (
				55BAA2F2290534C2004286CF /* MisoWeatherTests.swift in Sources */,
			);
			runOnlyForDeploymentPostprocessing = 0;
		};
		55BAA2F3290534C2004286CF /* Sources */ = {
			isa = PBXSourcesBuildPhase;
			buildActionMask = 2147483647;
			files = (
				55BAA2FC290534C2004286CF /* MisoWeatherUITests.swift in Sources */,
				55BAA2FE290534C2004286CF /* MisoWeatherUITestsLaunchTests.swift in Sources */,
			);
			runOnlyForDeploymentPostprocessing = 0;
		};
/* End PBXSourcesBuildPhase section */

/* Begin PBXTargetDependency section */
		55BAA2EF290534C2004286CF /* PBXTargetDependency */ = {
			isa = PBXTargetDependency;
			target = 55BAA2DC290534C1004286CF /* MisoWeather */;
			targetProxy = 55BAA2EE290534C2004286CF /* PBXContainerItemProxy */;
		};
		55BAA2F9290534C2004286CF /* PBXTargetDependency */ = {
			isa = PBXTargetDependency;
			target = 55BAA2DC290534C1004286CF /* MisoWeather */;
			targetProxy = 55BAA2F8290534C2004286CF /* PBXContainerItemProxy */;
		};
/* End PBXTargetDependency section */

/* Begin XCBuildConfiguration section */
		55BAA2FF290534C2004286CF /* Debug */ = {
			isa = XCBuildConfiguration;
			buildSettings = {
				ALWAYS_SEARCH_USER_PATHS = NO;
				CLANG_ANALYZER_NONNULL = YES;
				CLANG_ANALYZER_NUMBER_OBJECT_CONVERSION = YES_AGGRESSIVE;
				CLANG_CXX_LANGUAGE_STANDARD = "gnu++17";
				CLANG_ENABLE_MODULES = YES;
				CLANG_ENABLE_OBJC_ARC = YES;
				CLANG_ENABLE_OBJC_WEAK = YES;
				CLANG_WARN_BLOCK_CAPTURE_AUTORELEASING = YES;
				CLANG_WARN_BOOL_CONVERSION = YES;
				CLANG_WARN_COMMA = YES;
				CLANG_WARN_CONSTANT_CONVERSION = YES;
				CLANG_WARN_DEPRECATED_OBJC_IMPLEMENTATIONS = YES;
				CLANG_WARN_DIRECT_OBJC_ISA_USAGE = YES_ERROR;
				CLANG_WARN_DOCUMENTATION_COMMENTS = YES;
				CLANG_WARN_EMPTY_BODY = YES;
				CLANG_WARN_ENUM_CONVERSION = YES;
				CLANG_WARN_INFINITE_RECURSION = YES;
				CLANG_WARN_INT_CONVERSION = YES;
				CLANG_WARN_NON_LITERAL_NULL_CONVERSION = YES;
				CLANG_WARN_OBJC_IMPLICIT_RETAIN_SELF = YES;
				CLANG_WARN_OBJC_LITERAL_CONVERSION = YES;
				CLANG_WARN_OBJC_ROOT_CLASS = YES_ERROR;
				CLANG_WARN_QUOTED_INCLUDE_IN_FRAMEWORK_HEADER = YES;
				CLANG_WARN_RANGE_LOOP_ANALYSIS = YES;
				CLANG_WARN_STRICT_PROTOTYPES = YES;
				CLANG_WARN_SUSPICIOUS_MOVE = YES;
				CLANG_WARN_UNGUARDED_AVAILABILITY = YES_AGGRESSIVE;
				CLANG_WARN_UNREACHABLE_CODE = YES;
				CLANG_WARN__DUPLICATE_METHOD_MATCH = YES;
				COPY_PHASE_STRIP = NO;
				DEBUG_INFORMATION_FORMAT = dwarf;
				ENABLE_STRICT_OBJC_MSGSEND = YES;
				ENABLE_TESTABILITY = YES;
				GCC_C_LANGUAGE_STANDARD = gnu11;
				GCC_DYNAMIC_NO_PIC = NO;
				GCC_NO_COMMON_BLOCKS = YES;
				GCC_OPTIMIZATION_LEVEL = 0;
				GCC_PREPROCESSOR_DEFINITIONS = (
					"DEBUG=1",
					"$(inherited)",
				);
				GCC_WARN_64_TO_32_BIT_CONVERSION = YES;
				GCC_WARN_ABOUT_RETURN_TYPE = YES_ERROR;
				GCC_WARN_UNDECLARED_SELECTOR = YES;
				GCC_WARN_UNINITIALIZED_AUTOS = YES_AGGRESSIVE;
				GCC_WARN_UNUSED_FUNCTION = YES;
				GCC_WARN_UNUSED_VARIABLE = YES;
				IPHONEOS_DEPLOYMENT_TARGET = 15.4;
				MTL_ENABLE_DEBUG_INFO = INCLUDE_SOURCE;
				MTL_FAST_MATH = YES;
				ONLY_ACTIVE_ARCH = YES;
				SDKROOT = iphoneos;
				SWIFT_ACTIVE_COMPILATION_CONDITIONS = DEBUG;
				SWIFT_OPTIMIZATION_LEVEL = "-Onone";
			};
			name = Debug;
		};
		55BAA300290534C2004286CF /* Release */ = {
			isa = XCBuildConfiguration;
			buildSettings = {
				ALWAYS_SEARCH_USER_PATHS = NO;
				CLANG_ANALYZER_NONNULL = YES;
				CLANG_ANALYZER_NUMBER_OBJECT_CONVERSION = YES_AGGRESSIVE;
				CLANG_CXX_LANGUAGE_STANDARD = "gnu++17";
				CLANG_ENABLE_MODULES = YES;
				CLANG_ENABLE_OBJC_ARC = YES;
				CLANG_ENABLE_OBJC_WEAK = YES;
				CLANG_WARN_BLOCK_CAPTURE_AUTORELEASING = YES;
				CLANG_WARN_BOOL_CONVERSION = YES;
				CLANG_WARN_COMMA = YES;
				CLANG_WARN_CONSTANT_CONVERSION = YES;
				CLANG_WARN_DEPRECATED_OBJC_IMPLEMENTATIONS = YES;
				CLANG_WARN_DIRECT_OBJC_ISA_USAGE = YES_ERROR;
				CLANG_WARN_DOCUMENTATION_COMMENTS = YES;
				CLANG_WARN_EMPTY_BODY = YES;
				CLANG_WARN_ENUM_CONVERSION = YES;
				CLANG_WARN_INFINITE_RECURSION = YES;
				CLANG_WARN_INT_CONVERSION = YES;
				CLANG_WARN_NON_LITERAL_NULL_CONVERSION = YES;
				CLANG_WARN_OBJC_IMPLICIT_RETAIN_SELF = YES;
				CLANG_WARN_OBJC_LITERAL_CONVERSION = YES;
				CLANG_WARN_OBJC_ROOT_CLASS = YES_ERROR;
				CLANG_WARN_QUOTED_INCLUDE_IN_FRAMEWORK_HEADER = YES;
				CLANG_WARN_RANGE_LOOP_ANALYSIS = YES;
				CLANG_WARN_STRICT_PROTOTYPES = YES;
				CLANG_WARN_SUSPICIOUS_MOVE = YES;
				CLANG_WARN_UNGUARDED_AVAILABILITY = YES_AGGRESSIVE;
				CLANG_WARN_UNREACHABLE_CODE = YES;
				CLANG_WARN__DUPLICATE_METHOD_MATCH = YES;
				COPY_PHASE_STRIP = NO;
				DEBUG_INFORMATION_FORMAT = "dwarf-with-dsym";
				ENABLE_NS_ASSERTIONS = NO;
				ENABLE_STRICT_OBJC_MSGSEND = YES;
				GCC_C_LANGUAGE_STANDARD = gnu11;
				GCC_NO_COMMON_BLOCKS = YES;
				GCC_WARN_64_TO_32_BIT_CONVERSION = YES;
				GCC_WARN_ABOUT_RETURN_TYPE = YES_ERROR;
				GCC_WARN_UNDECLARED_SELECTOR = YES;
				GCC_WARN_UNINITIALIZED_AUTOS = YES_AGGRESSIVE;
				GCC_WARN_UNUSED_FUNCTION = YES;
				GCC_WARN_UNUSED_VARIABLE = YES;
				IPHONEOS_DEPLOYMENT_TARGET = 15.4;
				MTL_ENABLE_DEBUG_INFO = NO;
				MTL_FAST_MATH = YES;
				SDKROOT = iphoneos;
				SWIFT_COMPILATION_MODE = wholemodule;
				SWIFT_OPTIMIZATION_LEVEL = "-O";
				VALIDATE_PRODUCT = YES;
			};
			name = Release;
		};
		55BAA302290534C2004286CF /* Debug */ = {
			isa = XCBuildConfiguration;
			buildSettings = {
				ASSETCATALOG_COMPILER_APPICON_NAME = AppIcon;
				ASSETCATALOG_COMPILER_GLOBAL_ACCENT_COLOR_NAME = AccentColor;
				CODE_SIGN_STYLE = Automatic;
				CURRENT_PROJECT_VERSION = 1;
				DEVELOPMENT_ASSET_PATHS = "\"MisoWeather/Preview Content\"";
				DEVELOPMENT_TEAM = 9HJKFUTNXJ;
				ENABLE_PREVIEWS = YES;
				GENERATE_INFOPLIST_FILE = YES;
				INFOPLIST_KEY_UIApplicationSceneManifest_Generation = YES;
				INFOPLIST_KEY_UIApplicationSupportsIndirectInputEvents = YES;
				INFOPLIST_KEY_UILaunchScreen_Generation = YES;
				INFOPLIST_KEY_UISupportedInterfaceOrientations_iPad = "UIInterfaceOrientationPortrait UIInterfaceOrientationPortraitUpsideDown UIInterfaceOrientationLandscapeLeft UIInterfaceOrientationLandscapeRight";
				INFOPLIST_KEY_UISupportedInterfaceOrientations_iPhone = "UIInterfaceOrientationPortrait UIInterfaceOrientationLandscapeLeft UIInterfaceOrientationLandscapeRight";
				IPHONEOS_DEPLOYMENT_TARGET = 15.4;
				LD_RUNPATH_SEARCH_PATHS = (
					"$(inherited)",
					"@executable_path/Frameworks",
				);
				MARKETING_VERSION = 1.0;
				PRODUCT_BUNDLE_IDENTIFIER = com.jiin.MisoWeather;
				PRODUCT_NAME = "$(TARGET_NAME)";
				SWIFT_EMIT_LOC_STRINGS = YES;
				SWIFT_VERSION = 5.0;
				TARGETED_DEVICE_FAMILY = 1;
			};
			name = Debug;
		};
		55BAA303290534C2004286CF /* Release */ = {
			isa = XCBuildConfiguration;
			buildSettings = {
				ASSETCATALOG_COMPILER_APPICON_NAME = AppIcon;
				ASSETCATALOG_COMPILER_GLOBAL_ACCENT_COLOR_NAME = AccentColor;
				CODE_SIGN_STYLE = Automatic;
				CURRENT_PROJECT_VERSION = 1;
				DEVELOPMENT_ASSET_PATHS = "\"MisoWeather/Preview Content\"";
				DEVELOPMENT_TEAM = 9HJKFUTNXJ;
				ENABLE_PREVIEWS = YES;
				GENERATE_INFOPLIST_FILE = YES;
				INFOPLIST_KEY_UIApplicationSceneManifest_Generation = YES;
				INFOPLIST_KEY_UIApplicationSupportsIndirectInputEvents = YES;
				INFOPLIST_KEY_UILaunchScreen_Generation = YES;
				INFOPLIST_KEY_UISupportedInterfaceOrientations_iPad = "UIInterfaceOrientationPortrait UIInterfaceOrientationPortraitUpsideDown UIInterfaceOrientationLandscapeLeft UIInterfaceOrientationLandscapeRight";
				INFOPLIST_KEY_UISupportedInterfaceOrientations_iPhone = "UIInterfaceOrientationPortrait UIInterfaceOrientationLandscapeLeft UIInterfaceOrientationLandscapeRight";
				IPHONEOS_DEPLOYMENT_TARGET = 15.4;
				LD_RUNPATH_SEARCH_PATHS = (
					"$(inherited)",
					"@executable_path/Frameworks",
				);
				MARKETING_VERSION = 1.0;
				PRODUCT_BUNDLE_IDENTIFIER = com.jiin.MisoWeather;
				PRODUCT_NAME = "$(TARGET_NAME)";
				SWIFT_EMIT_LOC_STRINGS = YES;
				SWIFT_VERSION = 5.0;
				TARGETED_DEVICE_FAMILY = 1;
			};
			name = Release;
		};
		55BAA305290534C2004286CF /* Debug */ = {
			isa = XCBuildConfiguration;
			buildSettings = {
				ALWAYS_EMBED_SWIFT_STANDARD_LIBRARIES = YES;
				BUNDLE_LOADER = "$(TEST_HOST)";
				CODE_SIGN_STYLE = Automatic;
				CURRENT_PROJECT_VERSION = 1;
				DEVELOPMENT_TEAM = 9HJKFUTNXJ;
				GENERATE_INFOPLIST_FILE = YES;
				IPHONEOS_DEPLOYMENT_TARGET = 15.4;
				MARKETING_VERSION = 1.0;
				PRODUCT_BUNDLE_IDENTIFIER = com.jiin.MisoWeatherTests;
				PRODUCT_NAME = "$(TARGET_NAME)";
				SWIFT_EMIT_LOC_STRINGS = NO;
				SWIFT_VERSION = 5.0;
				TARGETED_DEVICE_FAMILY = "1,2";
				TEST_HOST = "$(BUILT_PRODUCTS_DIR)/MisoWeather.app/MisoWeather";
			};
			name = Debug;
		};
		55BAA306290534C2004286CF /* Release */ = {
			isa = XCBuildConfiguration;
			buildSettings = {
				ALWAYS_EMBED_SWIFT_STANDARD_LIBRARIES = YES;
				BUNDLE_LOADER = "$(TEST_HOST)";
				CODE_SIGN_STYLE = Automatic;
				CURRENT_PROJECT_VERSION = 1;
				DEVELOPMENT_TEAM = 9HJKFUTNXJ;
				GENERATE_INFOPLIST_FILE = YES;
				IPHONEOS_DEPLOYMENT_TARGET = 15.4;
				MARKETING_VERSION = 1.0;
				PRODUCT_BUNDLE_IDENTIFIER = com.jiin.MisoWeatherTests;
				PRODUCT_NAME = "$(TARGET_NAME)";
				SWIFT_EMIT_LOC_STRINGS = NO;
				SWIFT_VERSION = 5.0;
				TARGETED_DEVICE_FAMILY = "1,2";
				TEST_HOST = "$(BUILT_PRODUCTS_DIR)/MisoWeather.app/MisoWeather";
			};
			name = Release;
		};
		55BAA308290534C2004286CF /* Debug */ = {
			isa = XCBuildConfiguration;
			buildSettings = {
				ALWAYS_EMBED_SWIFT_STANDARD_LIBRARIES = YES;
				CODE_SIGN_STYLE = Automatic;
				CURRENT_PROJECT_VERSION = 1;
				DEVELOPMENT_TEAM = 9HJKFUTNXJ;
				GENERATE_INFOPLIST_FILE = YES;
				MARKETING_VERSION = 1.0;
				PRODUCT_BUNDLE_IDENTIFIER = com.jiin.MisoWeatherUITests;
				PRODUCT_NAME = "$(TARGET_NAME)";
				SWIFT_EMIT_LOC_STRINGS = NO;
				SWIFT_VERSION = 5.0;
				TARGETED_DEVICE_FAMILY = "1,2";
				TEST_TARGET_NAME = MisoWeather;
			};
			name = Debug;
		};
		55BAA309290534C2004286CF /* Release */ = {
			isa = XCBuildConfiguration;
			buildSettings = {
				ALWAYS_EMBED_SWIFT_STANDARD_LIBRARIES = YES;
				CODE_SIGN_STYLE = Automatic;
				CURRENT_PROJECT_VERSION = 1;
				DEVELOPMENT_TEAM = 9HJKFUTNXJ;
				GENERATE_INFOPLIST_FILE = YES;
				MARKETING_VERSION = 1.0;
				PRODUCT_BUNDLE_IDENTIFIER = com.jiin.MisoWeatherUITests;
				PRODUCT_NAME = "$(TARGET_NAME)";
				SWIFT_EMIT_LOC_STRINGS = NO;
				SWIFT_VERSION = 5.0;
				TARGETED_DEVICE_FAMILY = "1,2";
				TEST_TARGET_NAME = MisoWeather;
			};
			name = Release;
		};
/* End XCBuildConfiguration section */

/* Begin XCConfigurationList section */
		55BAA2D8290534C1004286CF /* Build configuration list for PBXProject "MisoWeather" */ = {
			isa = XCConfigurationList;
			buildConfigurations = (
				55BAA2FF290534C2004286CF /* Debug */,
				55BAA300290534C2004286CF /* Release */,
			);
			defaultConfigurationIsVisible = 0;
			defaultConfigurationName = Release;
		};
		55BAA301290534C2004286CF /* Build configuration list for PBXNativeTarget "MisoWeather" */ = {
			isa = XCConfigurationList;
			buildConfigurations = (
				55BAA302290534C2004286CF /* Debug */,
				55BAA303290534C2004286CF /* Release */,
			);
			defaultConfigurationIsVisible = 0;
			defaultConfigurationName = Release;
		};
		55BAA304290534C2004286CF /* Build configuration list for PBXNativeTarget "MisoWeatherTests" */ = {
			isa = XCConfigurationList;
			buildConfigurations = (
				55BAA305290534C2004286CF /* Debug */,
				55BAA306290534C2004286CF /* Release */,
			);
			defaultConfigurationIsVisible = 0;
			defaultConfigurationName = Release;
		};
		55BAA307290534C2004286CF /* Build configuration list for PBXNativeTarget "MisoWeatherUITests" */ = {
			isa = XCConfigurationList;
			buildConfigurations = (
				55BAA308290534C2004286CF /* Debug */,
				55BAA309290534C2004286CF /* Release */,
			);
			defaultConfigurationIsVisible = 0;
			defaultConfigurationName = Release;
		};
/* End XCConfigurationList section */
	};
	rootObject = 55BAA2D5290534C1004286CF /* Project object */;
}
